
Microsoft Visual Studio Solution File, Format Version 12.00
Project("{FAE04EC0-301F-11D3-BF4B-00C04F79EFBC}") = "API", "API\API.csproj", "{35F95F73-2EAF-4FD1-B967-B8185B21A27B}"
EndProject
Project("{FAE04EC0-301F-11D3-BF4B-00C04F79EFBC}") = "WebApp", "WebApp\WebApp.csproj", "{D5C04FC6-A8BB-42DB-8AEC-12BF25210096}"
EndProject
Global
	GlobalSection(SolutionConfigurationPlatforms) = preSolution
		Debug|Any CPU = Debug|Any CPU
		Release|Any CPU = Release|Any CPU
	EndGlobalSection
	GlobalSection(ProjectConfigurationPlatforms) = postSolution
		{35F95F73-2EAF-4FD1-B967-B8185B21A27B}.Debug|Any CPU.ActiveCfg = Debug|Any CPU
		{35F95F73-2EAF-4FD1-B967-B8185B21A27B}.Debug|Any CPU.Build.0 = Debug|Any CPU
		{35F95F73-2EAF-4FD1-B967-B8185B21A27B}.Release|Any CPU.ActiveCfg = Release|Any CPU
		{35F95F73-2EAF-4FD1-B967-B8185B21A27B}.Release|Any CPU.Build.0 = Release|Any CPU
		{D5C04FC6-A8BB-42DB-8AEC-12BF25210096}.Debug|Any CPU.ActiveCfg = Debug|Any CPU
		{D5C04FC6-A8BB-42DB-8AEC-12BF25210096}.Debug|Any CPU.Build.0 = Debug|Any CPU
		{D5C04FC6-A8BB-42DB-8AEC-12BF25210096}.Release|Any CPU.ActiveCfg = Release|Any CPU
		{D5C04FC6-A8BB-42DB-8AEC-12BF25210096}.Release|Any CPU.Build.0 = Release|Any CPU
	EndGlobalSection
EndGlobal
